
Microsoft Visual Studio Solution File, Format Version 12.00
# Visual Studio Version 17
VisualStudioVersion = 17.8.34525.116
MinimumVisualStudioVersion = 10.0.40219.1
Project("{FAE04EC0-301F-11D3-BF4B-00C04F79EFBC}") = "Academy-2024", "Academy-2024\Academy-2024.csproj", "{0B12BD7A-7D5E-48B7-9814-7C962235BAB5}"
EndProject
Global
	GlobalSection(SolutionConfigurationPlatforms) = preSolution
		Debug|Any CPU = Debug|Any CPU
		Release|Any CPU = Release|Any CPU
	EndGlobalSection
	GlobalSection(ProjectConfigurationPlatforms) = postSolution
		{0B12BD7A-7D5E-48B7-9814-7C962235BAB5}.Debug|Any CPU.ActiveCfg = Debug|Any CPU
		{0B12BD7A-7D5E-48B7-9814-7C962235BAB5}.Debug|Any CPU.Build.0 = Debug|Any CPU
		{0B12BD7A-7D5E-48B7-9814-7C962235BAB5}.Release|Any CPU.ActiveCfg = Release|Any CPU
		{0B12BD7A-7D5E-48B7-9814-7C962235BAB5}.Release|Any CPU.Build.0 = Release|Any CPU
	EndGlobalSection
	GlobalSection(SolutionProperties) = preSolution
		HideSolutionNode = FALSE
	EndGlobalSection
	GlobalSection(ExtensibilityGlobals) = postSolution
		SolutionGuid = {CD47FDF4-86C5-45C5-A2A9-56085F6B45A3}
	EndGlobalSection
EndGlobal
